// !$*UTF8*$!
{
	archiveVersion = 1;
	classes = {
	};
	objectVersion = 77;
	objects = {

/* Begin PBXBuildFile section */
		57515D62307528C000DDDE63 /* WidgetKit.framework in Frameworks */ = {isa = PBXBuildFile; fileRef = 57515D61307528C000DDDE63 /* WidgetKit.framework */; };
		57515D64307528C000DDDE63 /* SwiftUI.framework in Frameworks */ = {isa = PBXBuildFile; fileRef = 57515D63307528C000DDDE63 /* SwiftUI.framework */; };
		57515D6F307528C100DDDE63 /* ClubPlayWidgetExtension.appex in Embed Foundation Extensions */ = {isa = PBXBuildFile; fileRef = 57515D60307528BF00DDDE63 /* ClubPlayWidgetExtension.appex */; settings = {ATTRIBUTES = (RemoveHeadersOnCopy, ); }; };
		57515FA730754ACD00DDDE63 /* UserNotifications.framework in Frameworks */ = {isa = PBXBuildFile; fileRef = 57515FA630754ACD00DDDE63 /* UserNotifications.framework */; };
		57515FA930754ACD00DDDE63 /* UserNotificationsUI.framework in Frameworks */ = {isa = PBXBuildFile; fileRef = 57515FA830754ACD00DDDE63 /* UserNotificationsUI.framework */; };
		57515FB330754ACE00DDDE63 /* ClubPlayNotificationContent.appex in Embed Foundation Extensions */ = {isa = PBXBuildFile; fileRef = 57515FA530754ACD00DDDE63 /* ClubPlayNotificationContent.appex */; settings = {ATTRIBUTES = (RemoveHeadersOnCopy, ); }; };
		5794D7B03073880B00C3705E /* Auth in Frameworks */ = {isa = PBXBuildFile; productRef = 5794D7AF3073880B00C3705E /* Auth */; };
		5794D7B23073880B00C3705E /* PostgREST in Frameworks */ = {isa = PBXBuildFile; productRef = 5794D7B13073880B00C3705E /* PostgREST */; };
		5794D7B43073880B00C3705E /* Realtime in Frameworks */ = {isa = PBXBuildFile; productRef = 5794D7B33073880B00C3705E /* Realtime */; };
		5794D7BA3073893700C3705E /* Supabase in Frameworks */ = {isa = PBXBuildFile; productRef = 5794D7B93073893700C3705E /* Supabase */; };
/* End PBXBuildFile section */

/* Begin PBXContainerItemProxy section */
		57515D6D307528C100DDDE63 /* PBXContainerItemProxy */ = {
			isa = PBXContainerItemProxy;
			containerPortal = 57D995813068C29100CC7C16 /* Project object */;
			proxyType = 1;
			remoteGlobalIDString = 57515D5F307528BF00DDDE63;
			remoteInfo = ClubPlayWidgetExtension;
		};
		57515FB130754ACE00DDDE63 /* PBXContainerItemProxy */ = {
			isa = PBXContainerItemProxy;
			containerPortal = 57D995813068C29100CC7C16 /* Project object */;
			proxyType = 1;
			remoteGlobalIDString = 57515FA430754ACD00DDDE63;
			remoteInfo = ClubPlayNotificationContent;
		};
		57D995973068C29300CC7C16 /* PBXContainerItemProxy */ = {
			isa = PBXContainerItemProxy;
			containerPortal = 57D995813068C29100CC7C16 /* Project object */;
			proxyType = 1;
			remoteGlobalIDString = 57D995883068C29100CC7C16;
			remoteInfo = ClubPlay;
		};
		57D995A13068C29300CC7C16 /* PBXContainerItemProxy */ = {
			isa = PBXContainerItemProxy;
			containerPortal = 57D995813068C29100CC7C16 /* Project object */;
			proxyType = 1;
			remoteGlobalIDString = 57D995883068C29100CC7C16;
			remoteInfo = ClubPlay;
		};
/* End PBXContainerItemProxy section */

/* Begin PBXCopyFilesBuildPhase section */
		57515D74307528C100DDDE63 /* Embed Foundation Extensions */ = {
			isa = PBXCopyFilesBuildPhase;
			buildActionMask = 2147483647;
			dstPath = "";
			dstSubfolderSpec = 13;
			files = (
				57515D6F307528C100DDDE63 /* ClubPlayWidgetExtension.appex in Embed Foundation Extensions */,
				57515FB330754ACE00DDDE63 /* ClubPlayNotificationContent.appex in Embed Foundation Extensions */,
			);
			name = "Embed Foundation Extensions";
			runOnlyForDeploymentPostprocessing = 0;
		};
/* End PBXCopyFilesBuildPhase section */

/* Begin PBXFileReference section */
		57515D60307528BF00DDDE63 /* ClubPlayWidgetExtension.appex */ = {isa = PBXFileReference; explicitFileType = "wrapper.app-extension"; includeInIndex = 0; path = ClubPlayWidgetExtension.appex; sourceTree = BUILT_PRODUCTS_DIR; };
		57515D61307528C000DDDE63 /* WidgetKit.framework */ = {isa = PBXFileReference; lastKnownFileType = wrapper.framework; name = WidgetKit.framework; path = System/Library/Frameworks/WidgetKit.framework; sourceTree = SDKROOT; };
		57515D63307528C000DDDE63 /* SwiftUI.framework */ = {isa = PBXFileReference; lastKnownFileType = wrapper.framework; name = SwiftUI.framework; path = System/Library/Frameworks/SwiftUI.framework; sourceTree = SDKROOT; };
		57515D76307529CD00DDDE63 /* ClubPlayWidgetExtension.entitlements */ = {isa = PBXFileReference; lastKnownFileType = text.plist.entitlements; path = ClubPlayWidgetExtension.entitlements; sourceTree = "<group>"; };
		57515FA530754ACD00DDDE63 /* ClubPlayNotificationContent.appex */ = {isa = PBXFileReference; explicitFileType = "wrapper.app-extension"; includeInIndex = 0; path = ClubPlayNotificationContent.appex; sourceTree = BUILT_PRODUCTS_DIR; };
		57515FA630754ACD00DDDE63 /* UserNotifications.framework */ = {isa = PBXFileReference; lastKnownFileType = wrapper.framework; name = UserNotifications.framework; path = System/Library/Frameworks/UserNotifications.framework; sourceTree = SDKROOT; };
		57515FA830754ACD00DDDE63 /* UserNotificationsUI.framework */ = {isa = PBXFileReference; lastKnownFileType = wrapper.framework; name = UserNotificationsUI.framework; path = System/Library/Frameworks/UserNotificationsUI.framework; sourceTree = SDKROOT; };
		57D995893068C29100CC7C16 /* ClubPlay.app */ = {isa = PBXFileReference; explicitFileType = wrapper.application; includeInIndex = 0; path = ClubPlay.app; sourceTree = BUILT_PRODUCTS_DIR; };
		57D995963068C29300CC7C16 /* ClubPlayTests.xctest */ = {isa = PBXFileReference; explicitFileType = wrapper.cfbundle; includeInIndex = 0; path = ClubPlayTests.xctest; sourceTree = BUILT_PRODUCTS_DIR; };
		57D995A03068C29300CC7C16 /* ClubPlayUITests.xctest */ = {isa = PBXFileReference; explicitFileType = wrapper.cfbundle; includeInIndex = 0; path = ClubPlayUITests.xctest; sourceTree = BUILT_PRODUCTS_DIR; };
/* End PBXFileReference section */

/* Begin PBXFileSystemSynchronizedBuildFileExceptionSet section */
		57515D70307528C100DDDE63 /* Exceptions for "ClubPlayWidget" folder in "ClubPlayWidgetExtension" target */ = {
			isa = PBXFileSystemSynchronizedBuildFileExceptionSet;
			membershipExceptions = (
				Info.plist,
			);
			target = 57515D5F307528BF00DDDE63 /* ClubPlayWidgetExtension */;
		};
		57515D8030752D9400DDDE63 /* Exceptions for "ClubPlay" folder in "ClubPlayWidgetExtension" target */ = {
			isa = PBXFileSystemSynchronizedBuildFileExceptionSet;
			membershipExceptions = (
				Shared/Widget/NextGameWidgetSnapshot.swift,
				Shared/Widget/WidgetSharedConfig.swift,
				Shared/Widget/WidgetSnapshotStore.swift,
			);
			target = 57515D5F307528BF00DDDE63 /* ClubPlayWidgetExtension */;
		};
		57515FB430754ACE00DDDE63 /* Exceptions for "ClubPlayNotificationContent" folder in "ClubPlayNotificationContent" target */ = {
			isa = PBXFileSystemSynchronizedBuildFileExceptionSet;
			membershipExceptions = (
				Info.plist,
			);
			target = 57515FA430754ACD00DDDE63 /* ClubPlayNotificationContent */;
		};
/* End PBXFileSystemSynchronizedBuildFileExceptionSet section */

/* Begin PBXFileSystemSynchronizedRootGroup section */
		57515D65307528C000DDDE63 /* ClubPlayWidget */ = {
			isa = PBXFileSystemSynchronizedRootGroup;
			exceptions = (
				57515D70307528C100DDDE63 /* Exceptions for "ClubPlayWidget" folder in "ClubPlayWidgetExtension" target */,
			);
			path = ClubPlayWidget;
			sourceTree = "<group>";
		};
		57515FAA30754ACD00DDDE63 /* ClubPlayNotificationContent */ = {
			isa = PBXFileSystemSynchronizedRootGroup;
			exceptions = (
				57515FB430754ACE00DDDE63 /* Exceptions for "ClubPlayNotificationContent" folder in "ClubPlayNotificationContent" target */,
			);
			path = ClubPlayNotificationContent;
			sourceTree = "<group>";
		};
		57D9958B3068C29100CC7C16 /* ClubPlay */ = {
			isa = PBXFileSystemSynchronizedRootGroup;
			exceptions = (
				57515D8030752D9400DDDE63 /* Exceptions for "ClubPlay" folder in "ClubPlayWidgetExtension" target */,
			);
			path = ClubPlay;
			sourceTree = "<group>";
		};
		57D995993068C29300CC7C16 /* ClubPlayTests */ = {
			isa = PBXFileSystemSynchronizedRootGroup;
			path = ClubPlayTests;
			sourceTree = "<group>";
		};
		57D995A33068C29300CC7C16 /* ClubPlayUITests */ = {
			isa = PBXFileSystemSynchronizedRootGroup;
			path = ClubPlayUITests;
			sourceTree = "<group>";
		};
/* End PBXFileSystemSynchronizedRootGroup section */

/* Begin PBXFrameworksBuildPhase section */
		57515D5D307528BF00DDDE63 /* Frameworks */ = {
			isa = PBXFrameworksBuildPhase;
			buildActionMask = 2147483647;
			files = (
				57515D64307528C000DDDE63 /* SwiftUI.framework in Frameworks */,
				57515D62307528C000DDDE63 /* WidgetKit.framework in Frameworks */,
			);
			runOnlyForDeploymentPostprocessing = 0;
		};
		57515FA230754ACD00DDDE63 /* Frameworks */ = {
			isa = PBXFrameworksBuildPhase;
			buildActionMask = 2147483647;
			files = (
				57515FA930754ACD00DDDE63 /* UserNotificationsUI.framework in Frameworks */,
				57515FA730754ACD00DDDE63 /* UserNotifications.framework in Frameworks */,
			);
			runOnlyForDeploymentPostprocessing = 0;
		};
		57D995863068C29100CC7C16 /* Frameworks */ = {
			isa = PBXFrameworksBuildPhase;
			buildActionMask = 2147483647;
			files = (
				5794D7BA3073893700C3705E /* Supabase in Frameworks */,
				5794D7B43073880B00C3705E /* Realtime in Frameworks */,
				5794D7B23073880B00C3705E /* PostgREST in Frameworks */,
				5794D7B03073880B00C3705E /* Auth in Frameworks */,
			);
			runOnlyForDeploymentPostprocessing = 0;
		};
		57D995933068C29300CC7C16 /* Frameworks */ = {
			isa = PBXFrameworksBuildPhase;
			buildActionMask = 2147483647;
			files = (
			);
			runOnlyForDeploymentPostprocessing = 0;
		};
		57D9959D3068C29300CC7C16 /* Frameworks */ = {
			isa = PBXFrameworksBuildPhase;
			buildActionMask = 2147483647;
			files = (
			);
			runOnlyForDeploymentPostprocessing = 0;
		};
/* End PBXFrameworksBuildPhase section */

/* Begin PBXGroup section */
		5794D7B83073893700C3705E /* Frameworks */ = {
			isa = PBXGroup;
			children = (
				57515D61307528C000DDDE63 /* WidgetKit.framework */,
				57515D63307528C000DDDE63 /* SwiftUI.framework */,
				57515FA630754ACD00DDDE63 /* UserNotifications.framework */,
				57515FA830754ACD00DDDE63 /* UserNotificationsUI.framework */,
			);
			name = Frameworks;
			sourceTree = "<group>";
		};
		57D995803068C29100CC7C16 = {
			isa = PBXGroup;
			children = (
				57515D76307529CD00DDDE63 /* ClubPlayWidgetExtension.entitlements */,
				57D9958B3068C29100CC7C16 /* ClubPlay */,
				57D995993068C29300CC7C16 /* ClubPlayTests */,
				57D995A33068C29300CC7C16 /* ClubPlayUITests */,
				57515D65307528C000DDDE63 /* ClubPlayWidget */,
				57515FAA30754ACD00DDDE63 /* ClubPlayNotificationContent */,
				5794D7B83073893700C3705E /* Frameworks */,
				57D9958A3068C29100CC7C16 /* Products */,
			);
			sourceTree = "<group>";
		};
		57D9958A3068C29100CC7C16 /* Products */ = {
			isa = PBXGroup;
			children = (
				57D995893068C29100CC7C16 /* ClubPlay.app */,
				57D995963068C29300CC7C16 /* ClubPlayTests.xctest */,
				57D995A03068C29300CC7C16 /* ClubPlayUITests.xctest */,
				57515D60307528BF00DDDE63 /* ClubPlayWidgetExtension.appex */,
				57515FA530754ACD00DDDE63 /* ClubPlayNotificationContent.appex */,
			);
			name = Products;
			sourceTree = "<group>";
		};
/* End PBXGroup section */

/* Begin PBXNativeTarget section */
		57515D5F307528BF00DDDE63 /* ClubPlayWidgetExtension */ = {
			isa = PBXNativeTarget;
			buildConfigurationList = 57515D71307528C100DDDE63 /* Build configuration list for PBXNativeTarget "ClubPlayWidgetExtension" */;
			buildPhases = (
				57515D5C307528BF00DDDE63 /* Sources */,
				57515D5D307528BF00DDDE63 /* Frameworks */,
				57515D5E307528BF00DDDE63 /* Resources */,
			);
			buildRules = (
			);
			dependencies = (
			);
			fileSystemSynchronizedGroups = (
				57515D65307528C000DDDE63 /* ClubPlayWidget */,
			);
			name = ClubPlayWidgetExtension;
			packageProductDependencies = (
			);
			productName = ClubPlayWidgetExtension;
			productReference = 57515D60307528BF00DDDE63 /* ClubPlayWidgetExtension.appex */;
			productType = "com.apple.product-type.app-extension";
		};
		57515FA430754ACD00DDDE63 /* ClubPlayNotificationContent */ = {
			isa = PBXNativeTarget;
			buildConfigurationList = 57515FB530754ACE00DDDE63 /* Build configuration list for PBXNativeTarget "ClubPlayNotificationContent" */;
			buildPhases = (
				57515FA130754ACD00DDDE63 /* Sources */,
				57515FA230754ACD00DDDE63 /* Frameworks */,
				57515FA330754ACD00DDDE63 /* Resources */,
			);
			buildRules = (
			);
			dependencies = (
			);
			fileSystemSynchronizedGroups = (
				57515FAA30754ACD00DDDE63 /* ClubPlayNotificationContent */,
			);
			name = ClubPlayNotificationContent;
			packageProductDependencies = (
			);
			productName = ClubPlayNotificationContent;
			productReference = 57515FA530754ACD00DDDE63 /* ClubPlayNotificationContent.appex */;
			productType = "com.apple.product-type.app-extension";
		};
		57D995883068C29100CC7C16 /* ClubPlay */ = {
			isa = PBXNativeTarget;
			buildConfigurationList = 57D995AA3068C29300CC7C16 /* Build configuration list for PBXNativeTarget "ClubPlay" */;
			buildPhases = (
				57D995853068C29100CC7C16 /* Sources */,
				57D995863068C29100CC7C16 /* Frameworks */,
				57D995873068C29100CC7C16 /* Resources */,
				57515D74307528C100DDDE63 /* Embed Foundation Extensions */,
			);
			buildRules = (
			);
			dependencies = (
				57515D6E307528C100DDDE63 /* PBXTargetDependency */,
				57515FB230754ACE00DDDE63 /* PBXTargetDependency */,
			);
			fileSystemSynchronizedGroups = (
				57D9958B3068C29100CC7C16 /* ClubPlay */,
			);
			name = ClubPlay;
			packageProductDependencies = (
				5794D7AF3073880B00C3705E /* Auth */,
				5794D7B13073880B00C3705E /* PostgREST */,
				5794D7B33073880B00C3705E /* Realtime */,
				5794D7B93073893700C3705E /* Supabase */,
			);
			productName = ClubPlay;
			productReference = 57D995893068C29100CC7C16 /* ClubPlay.app */;
			productType = "com.apple.product-type.application";
		};
		57D995953068C29300CC7C16 /* ClubPlayTests */ = {
			isa = PBXNativeTarget;
			buildConfigurationList = 57D995AD3068C29300CC7C16 /* Build configuration list for PBXNativeTarget "ClubPlayTests" */;
			buildPhases = (
				57D995923068C29300CC7C16 /* Sources */,
				57D995933068C29300CC7C16 /* Frameworks */,
				57D995943068C29300CC7C16 /* Resources */,
			);
			buildRules = (
			);
			dependencies = (
				57D995983068C29300CC7C16 /* PBXTargetDependency */,
			);
			fileSystemSynchronizedGroups = (
				57D995993068C29300CC7C16 /* ClubPlayTests */,
			);
			name = ClubPlayTests;
			packageProductDependencies = (
			);
			productName = ClubPlayTests;
			productReference = 57D995963068C29300CC7C16 /* ClubPlayTests.xctest */;
			productType = "com.apple.product-type.bundle.unit-test";
		};
		57D9959F3068C29300CC7C16 /* ClubPlayUITests */ = {
			isa = PBXNativeTarget;
			buildConfigurationList = 57D995B03068C29300CC7C16 /* Build configuration list for PBXNativeTarget "ClubPlayUITests" */;
			buildPhases = (
				57D9959C3068C29300CC7C16 /* Sources */,
				57D9959D3068C29300CC7C16 /* Frameworks */,
				57D9959E3068C29300CC7C16 /* Resources */,
			);
			buildRules = (
			);
			dependencies = (
				57D995A23068C29300CC7C16 /* PBXTargetDependency */,
			);
			fileSystemSynchronizedGroups = (
				57D995A33068C29300CC7C16 /* ClubPlayUITests */,
			);
			name = ClubPlayUITests;
			packageProductDependencies = (
			);
			productName = ClubPlayUITests;
			productReference = 57D995A03068C29300CC7C16 /* ClubPlayUITests.xctest */;
			productType = "com.apple.product-type.bundle.ui-testing";
		};
/* End PBXNativeTarget section */

/* Begin PBXProject section */
		57D995813068C29100CC7C16 /* Project object */ = {
			isa = PBXProject;
			attributes = {
				BuildIndependentTargetsInParallel = 1;
				LastSwiftUpdateCheck = 2620;
				LastUpgradeCheck = 2620;
				TargetAttributes = {
					57515D5F307528BF00DDDE63 = {
						CreatedOnToolsVersion = 26.2;
					};
					57515FA430754ACD00DDDE63 = {
						CreatedOnToolsVersion = 26.2;
					};
					57D995883068C29100CC7C16 = {
						CreatedOnToolsVersion = 26.2;
					};
					57D995953068C29300CC7C16 = {
						CreatedOnToolsVersion = 26.2;
						TestTargetID = 57D995883068C29100CC7C16;
					};
					57D9959F3068C29300CC7C16 = {
						CreatedOnToolsVersion = 26.2;
						TestTargetID = 57D995883068C29100CC7C16;
					};
				};
			};
			buildConfigurationList = 57D995843068C29100CC7C16 /* Build configuration list for PBXProject "ClubPlay" */;
			developmentRegion = en;
			hasScannedForEncodings = 0;
			knownRegions = (
				en,
				Base,
			);
			mainGroup = 57D995803068C29100CC7C16;
			minimizedProjectReferenceProxies = 1;
			packageReferences = (
				5794D7AE3073880B00C3705E /* XCRemoteSwiftPackageReference "supabase-swift" */,
			);
			preferredProjectObjectVersion = 77;
			productRefGroup = 57D9958A3068C29100CC7C16 /* Products */;
			projectDirPath = "";
			projectRoot = "";
			targets = (
				57D995883068C29100CC7C16 /* ClubPlay */,
				57D995953068C29300CC7C16 /* ClubPlayTests */,
				57D9959F3068C29300CC7C16 /* ClubPlayUITests */,
				57515D5F307528BF00DDDE63 /* ClubPlayWidgetExtension */,
				57515FA430754ACD00DDDE63 /* ClubPlayNotificationContent */,
			);
		};
/* End PBXProject section */

/* Begin PBXResourcesBuildPhase section */
		57515D5E307528BF00DDDE63 /* Resources */ = {
			isa = PBXResourcesBuildPhase;
			buildActionMask = 2147483647;
			files = (
			);
			runOnlyForDeploymentPostprocessing = 0;
		};
		57515FA330754ACD00DDDE63 /* Resources */ = {
			isa = PBXResourcesBuildPhase;
			buildActionMask = 2147483647;
			files = (
			);
			runOnlyForDeploymentPostprocessing = 0;
		};
		57D995873068C29100CC7C16 /* Resources */ = {
			isa = PBXResourcesBuildPhase;
			buildActionMask = 2147483647;
			files = (
			);
			runOnlyForDeploymentPostprocessing = 0;
		};
		57D995943068C29300CC7C16 /* Resources */ = {
			isa = PBXResourcesBuildPhase;
			buildActionMask = 2147483647;
			files = (
			);
			runOnlyForDeploymentPostprocessing = 0;
		};
		57D9959E3068C29300CC7C16 /* Resources */ = {
			isa = PBXResourcesBuildPhase;
			buildActionMask = 2147483647;
			files = (
			);
			runOnlyForDeploymentPostprocessing = 0;
		};
/* End PBXResourcesBuildPhase section */

/* Begin PBXSourcesBuildPhase section */
		57515D5C307528BF00DDDE63 /* Sources */ = {
			isa = PBXSourcesBuildPhase;
			buildActionMask = 2147483647;
			files = (
			);
			runOnlyForDeploymentPostprocessing = 0;
		};
		57515FA130754ACD00DDDE63 /* Sources */ = {
			isa = PBXSourcesBuildPhase;
			buildActionMask = 2147483647;
			files = (
			);
			runOnlyForDeploymentPostprocessing = 0;
		};
		57D995853068C29100CC7C16 /* Sources */ = {
			isa = PBXSourcesBuildPhase;
			buildActionMask = 2147483647;
			files = (
			);
			runOnlyForDeploymentPostprocessing = 0;
		};
		57D995923068C29300CC7C16 /* Sources */ = {
			isa = PBXSourcesBuildPhase;
			buildActionMask = 2147483647;
			files = (
			);
			runOnlyForDeploymentPostprocessing = 0;
		};
		57D9959C3068C29300CC7C16 /* Sources */ = {
			isa = PBXSourcesBuildPhase;
			buildActionMask = 2147483647;
			files = (
			);
			runOnlyForDeploymentPostprocessing = 0;
		};
/* End PBXSourcesBuildPhase section */

/* Begin PBXTargetDependency section */
		57515D6E307528C100DDDE63 /* PBXTargetDependency */ = {
			isa = PBXTargetDependency;
			target = 57515D5F307528BF00DDDE63 /* ClubPlayWidgetExtension */;
			targetProxy = 57515D6D307528C100DDDE63 /* PBXContainerItemProxy */;
		};
		57515FB230754ACE00DDDE63 /* PBXTargetDependency */ = {
			isa = PBXTargetDependency;
			target = 57515FA430754ACD00DDDE63 /* ClubPlayNotificationContent */;
			targetProxy = 57515FB130754ACE00DDDE63 /* PBXContainerItemProxy */;
		};
		57D995983068C29300CC7C16 /* PBXTargetDependency */ = {
			isa = PBXTargetDependency;
			target = 57D995883068C29100CC7C16 /* ClubPlay */;
			targetProxy = 57D995973068C29300CC7C16 /* PBXContainerItemProxy */;
		};
		57D995A23068C29300CC7C16 /* PBXTargetDependency */ = {
			isa = PBXTargetDependency;
			target = 57D995883068C29100CC7C16 /* ClubPlay */;
			targetProxy = 57D995A13068C29300CC7C16 /* PBXContainerItemProxy */;
		};
/* End PBXTargetDependency section */

/* Begin XCBuildConfiguration section */
		57515D72307528C100DDDE63 /* Debug */ = {
			isa = XCBuildConfiguration;
			buildSettings = {
				ASSETCATALOG_COMPILER_GLOBAL_ACCENT_COLOR_NAME = AccentColor;
				ASSETCATALOG_COMPILER_WIDGET_BACKGROUND_COLOR_NAME = WidgetBackground;
				CODE_SIGN_ENTITLEMENTS = ClubPlayWidgetExtension.entitlements;
				CODE_SIGN_STYLE = Automatic;
				CURRENT_PROJECT_VERSION = 1;
				DEVELOPMENT_TEAM = D47S596NBF;
				GENERATE_INFOPLIST_FILE = YES;
				INFOPLIST_FILE = ClubPlayWidget/Info.plist;
				INFOPLIST_KEY_CFBundleDisplayName = ClubPlayWidget;
				INFOPLIST_KEY_NSHumanReadableCopyright = "";
				IPHONEOS_DEPLOYMENT_TARGET = 18.6;
				LD_RUNPATH_SEARCH_PATHS = (
					"$(inherited)",
					"@executable_path/Frameworks",
					"@executable_path/../../Frameworks",
				);
				MARKETING_VERSION = 1.0;
				PRODUCT_BUNDLE_IDENTIFIER = com.personal.ducanhninh.ClubPlay.ClubPlayWidget;
				PRODUCT_NAME = "$(TARGET_NAME)";
				SKIP_INSTALL = YES;
				STRING_CATALOG_GENERATE_SYMBOLS = YES;
				SWIFT_APPROACHABLE_CONCURRENCY = YES;
				SWIFT_EMIT_LOC_STRINGS = YES;
				SWIFT_UPCOMING_FEATURE_MEMBER_IMPORT_VISIBILITY = YES;
				SWIFT_VERSION = 5.0;
				TARGETED_DEVICE_FAMILY = "1,2";
			};
			name = Debug;
		};
		57515D73307528C100DDDE63 /* Release */ = {
			isa = XCBuildConfiguration;
			buildSettings = {
				ASSETCATALOG_COMPILER_GLOBAL_ACCENT_COLOR_NAME = AccentColor;
				ASSETCATALOG_COMPILER_WIDGET_BACKGROUND_COLOR_NAME = WidgetBackground;
				CODE_SIGN_ENTITLEMENTS = ClubPlayWidgetExtension.entitlements;
				CODE_SIGN_STYLE = Automatic;
				CURRENT_PROJECT_VERSION = 1;
				DEVELOPMENT_TEAM = D47S596NBF;
				GENERATE_INFOPLIST_FILE = YES;
				INFOPLIST_FILE = ClubPlayWidget/Info.plist;
				INFOPLIST_KEY_CFBundleDisplayName = ClubPlayWidget;
				INFOPLIST_KEY_NSHumanReadableCopyright = "";
				IPHONEOS_DEPLOYMENT_TARGET = 18.6;
				LD_RUNPATH_SEARCH_PATHS = (
					"$(inherited)",
					"@executable_path/Frameworks",
					"@executable_path/../../Frameworks",
				);
				MARKETING_VERSION = 1.0;
				PRODUCT_BUNDLE_IDENTIFIER = com.personal.ducanhninh.ClubPlay.ClubPlayWidget;
				PRODUCT_NAME = "$(TARGET_NAME)";
				SKIP_INSTALL = YES;
				STRING_CATALOG_GENERATE_SYMBOLS = YES;
				SWIFT_APPROACHABLE_CONCURRENCY = YES;
				SWIFT_EMIT_LOC_STRINGS = YES;
				SWIFT_UPCOMING_FEATURE_MEMBER_IMPORT_VISIBILITY = YES;
				SWIFT_VERSION = 5.0;
				TARGETED_DEVICE_FAMILY = "1,2";
			};
			name = Release;
		};
		57515FB630754ACE00DDDE63 /* Debug */ = {
			isa = XCBuildConfiguration;
			buildSettings = {
				CODE_SIGN_STYLE = Automatic;
				CURRENT_PROJECT_VERSION = 1;
				DEVELOPMENT_TEAM = D47S596NBF;
				GENERATE_INFOPLIST_FILE = YES;
				INFOPLIST_FILE = ClubPlayNotificationContent/Info.plist;
				INFOPLIST_KEY_CFBundleDisplayName = ClubPlayNotificationContent;
				INFOPLIST_KEY_NSHumanReadableCopyright = "";
				IPHONEOS_DEPLOYMENT_TARGET = 18.6;
				LD_RUNPATH_SEARCH_PATHS = (
					"$(inherited)",
					"@executable_path/Frameworks",
					"@executable_path/../../Frameworks",
				);
				MARKETING_VERSION = 1.0;
				PRODUCT_BUNDLE_IDENTIFIER = com.personal.ducanhninh.ClubPlay.ClubPlayNotificationContent;
				PRODUCT_NAME = "$(TARGET_NAME)";
				SKIP_INSTALL = YES;
				STRING_CATALOG_GENERATE_SYMBOLS = YES;
				SWIFT_APPROACHABLE_CONCURRENCY = YES;
				SWIFT_EMIT_LOC_STRINGS = YES;
				SWIFT_UPCOMING_FEATURE_MEMBER_IMPORT_VISIBILITY = YES;
				SWIFT_VERSION = 5.0;
				TARGETED_DEVICE_FAMILY = "1,2";
			};
			name = Debug;
		};
		57515FB730754ACE00DDDE63 /* Release */ = {
			isa = XCBuildConfiguration;
			buildSettings = {
				CODE_SIGN_STYLE = Automatic;
				CURRENT_PROJECT_VERSION = 1;
				DEVELOPMENT_TEAM = D47S596NBF;
				GENERATE_INFOPLIST_FILE = YES;
				INFOPLIST_FILE = ClubPlayNotificationContent/Info.plist;
				INFOPLIST_KEY_CFBundleDisplayName = ClubPlayNotificationContent;
				INFOPLIST_KEY_NSHumanReadableCopyright = "";
				IPHONEOS_DEPLOYMENT_TARGET = 18.6;
				LD_RUNPATH_SEARCH_PATHS = (
					"$(inherited)",
					"@executable_path/Frameworks",
					"@executable_path/../../Frameworks",
				);
				MARKETING_VERSION = 1.0;
				PRODUCT_BUNDLE_IDENTIFIER = com.personal.ducanhninh.ClubPlay.ClubPlayNotificationContent;
				PRODUCT_NAME = "$(TARGET_NAME)";
				SKIP_INSTALL = YES;
				STRING_CATALOG_GENERATE_SYMBOLS = YES;
				SWIFT_APPROACHABLE_CONCURRENCY = YES;
				SWIFT_EMIT_LOC_STRINGS = YES;
				SWIFT_UPCOMING_FEATURE_MEMBER_IMPORT_VISIBILITY = YES;
				SWIFT_VERSION = 5.0;
				TARGETED_DEVICE_FAMILY = "1,2";
			};
			name = Release;
		};
		57D995A83068C29300CC7C16 /* Debug */ = {
			isa = XCBuildConfiguration;
			buildSettings = {
				ALWAYS_SEARCH_USER_PATHS = NO;
				ASSETCATALOG_COMPILER_GENERATE_SWIFT_ASSET_SYMBOL_EXTENSIONS = YES;
				CLANG_ANALYZER_NONNULL = YES;
				CLANG_ANALYZER_NUMBER_OBJECT_CONVERSION = YES_AGGRESSIVE;
				CLANG_CXX_LANGUAGE_STANDARD = "gnu++20";
				CLANG_ENABLE_MODULES = YES;
				CLANG_ENABLE_OBJC_ARC = YES;
				CLANG_ENABLE_OBJC_WEAK = YES;
				CLANG_WARN_BLOCK_CAPTURE_AUTORELEASING = YES;
				CLANG_WARN_BOOL_CONVERSION = YES;
				CLANG_WARN_COMMA = YES;
				CLANG_WARN_CONSTANT_CONVERSION = YES;
				CLANG_WARN_DEPRECATED_OBJC_IMPLEMENTATIONS = YES;
				CLANG_WARN_DIRECT_OBJC_ISA_USAGE = YES_ERROR;
				CLANG_WARN_DOCUMENTATION_COMMENTS = YES;
				CLANG_WARN_EMPTY_BODY = YES;
				CLANG_WARN_ENUM_CONVERSION = YES;
				CLANG_WARN_INFINITE_RECURSION = YES;
				CLANG_WARN_INT_CONVERSION = YES;
				CLANG_WARN_NON_LITERAL_NULL_CONVERSION = YES;
				CLANG_WARN_OBJC_IMPLICIT_RETAIN_SELF = YES;
				CLANG_WARN_OBJC_LITERAL_CONVERSION = YES;
				CLANG_WARN_OBJC_ROOT_CLASS = YES_ERROR;
				CLANG_WARN_QUOTED_INCLUDE_IN_FRAMEWORK_HEADER = YES;
				CLANG_WARN_RANGE_LOOP_ANALYSIS = YES;
				CLANG_WARN_STRICT_PROTOTYPES = YES;
				CLANG_WARN_SUSPICIOUS_MOVE = YES;
				CLANG_WARN_UNGUARDED_AVAILABILITY = YES_AGGRESSIVE;
				CLANG_WARN_UNREACHABLE_CODE = YES;
				CLANG_WARN__DUPLICATE_METHOD_MATCH = YES;
				COPY_PHASE_STRIP = NO;
				DEBUG_INFORMATION_FORMAT = dwarf;
				DEVELOPMENT_TEAM = D47S596NBF;
				ENABLE_STRICT_OBJC_MSGSEND = YES;
				ENABLE_TESTABILITY = YES;
				ENABLE_USER_SCRIPT_SANDBOXING = YES;
				GCC_C_LANGUAGE_STANDARD = gnu17;
				GCC_DYNAMIC_NO_PIC = NO;
				GCC_NO_COMMON_BLOCKS = YES;
				GCC_OPTIMIZATION_LEVEL = 0;
				GCC_PREPROCESSOR_DEFINITIONS = (
					"DEBUG=1",
					"$(inherited)",
				);
				GCC_WARN_64_TO_32_BIT_CONVERSION = YES;
				GCC_WARN_ABOUT_RETURN_TYPE = YES_ERROR;
				GCC_WARN_UNDECLARED_SELECTOR = YES;
				GCC_WARN_UNINITIALIZED_AUTOS = YES_AGGRESSIVE;
				GCC_WARN_UNUSED_FUNCTION = YES;
				GCC_WARN_UNUSED_VARIABLE = YES;
				IPHONEOS_DEPLOYMENT_TARGET = 26.2;
				LOCALIZATION_PREFERS_STRING_CATALOGS = YES;
				MTL_ENABLE_DEBUG_INFO = INCLUDE_SOURCE;
				MTL_FAST_MATH = YES;
				ONLY_ACTIVE_ARCH = YES;
				SDKROOT = iphoneos;
				SWIFT_ACTIVE_COMPILATION_CONDITIONS = "DEBUG $(inherited)";
				SWIFT_OPTIMIZATION_LEVEL = "-Onone";
			};
			name = Debug;
		};
		57D995A93068C29300CC7C16 /* Release */ = {
			isa = XCBuildConfiguration;
			buildSettings = {
				ALWAYS_SEARCH_USER_PATHS = NO;
				ASSETCATALOG_COMPILER_GENERATE_SWIFT_ASSET_SYMBOL_EXTENSIONS = YES;
				CLANG_ANALYZER_NONNULL = YES;
				CLANG_ANALYZER_NUMBER_OBJECT_CONVERSION = YES_AGGRESSIVE;
				CLANG_CXX_LANGUAGE_STANDARD = "gnu++20";
				CLANG_ENABLE_MODULES = YES;
				CLANG_ENABLE_OBJC_ARC = YES;
				CLANG_ENABLE_OBJC_WEAK = YES;
				CLANG_WARN_BLOCK_CAPTURE_AUTORELEASING = YES;
				CLANG_WARN_BOOL_CONVERSION = YES;
				CLANG_WARN_COMMA = YES;
				CLANG_WARN_CONSTANT_CONVERSION = YES;
				CLANG_WARN_DEPRECATED_OBJC_IMPLEMENTATIONS = YES;
				CLANG_WARN_DIRECT_OBJC_ISA_USAGE = YES_ERROR;
				CLANG_WARN_DOCUMENTATION_COMMENTS = YES;
				CLANG_WARN_EMPTY_BODY = YES;
				CLANG_WARN_ENUM_CONVERSION = YES;
				CLANG_WARN_INFINITE_RECURSION = YES;
				CLANG_WARN_INT_CONVERSION = YES;
				CLANG_WARN_NON_LITERAL_NULL_CONVERSION = YES;
				CLANG_WARN_OBJC_IMPLICIT_RETAIN_SELF = YES;
				CLANG_WARN_OBJC_LITERAL_CONVERSION = YES;
				CLANG_WARN_OBJC_ROOT_CLASS = YES_ERROR;
				CLANG_WARN_QUOTED_INCLUDE_IN_FRAMEWORK_HEADER = YES;
				CLANG_WARN_RANGE_LOOP_ANALYSIS = YES;
				CLANG_WARN_STRICT_PROTOTYPES = YES;
				CLANG_WARN_SUSPICIOUS_MOVE = YES;
				CLANG_WARN_UNGUARDED_AVAILABILITY = YES_AGGRESSIVE;
				CLANG_WARN_UNREACHABLE_CODE = YES;
				CLANG_WARN__DUPLICATE_METHOD_MATCH = YES;
				COPY_PHASE_STRIP = NO;
				DEBUG_INFORMATION_FORMAT = "dwarf-with-dsym";
				DEVELOPMENT_TEAM = D47S596NBF;
				ENABLE_NS_ASSERTIONS = NO;
				ENABLE_STRICT_OBJC_MSGSEND = YES;
				ENABLE_USER_SCRIPT_SANDBOXING = YES;
				GCC_C_LANGUAGE_STANDARD = gnu17;
				GCC_NO_COMMON_BLOCKS = YES;
				GCC_WARN_64_TO_32_BIT_CONVERSION = YES;
				GCC_WARN_ABOUT_RETURN_TYPE = YES_ERROR;
				GCC_WARN_UNDECLARED_SELECTOR = YES;
				GCC_WARN_UNINITIALIZED_AUTOS = YES_AGGRESSIVE;
				GCC_WARN_UNUSED_FUNCTION = YES;
				GCC_WARN_UNUSED_VARIABLE = YES;
				IPHONEOS_DEPLOYMENT_TARGET = 26.2;
				LOCALIZATION_PREFERS_STRING_CATALOGS = YES;
				MTL_ENABLE_DEBUG_INFO = NO;
				MTL_FAST_MATH = YES;
				SDKROOT = iphoneos;
				SWIFT_COMPILATION_MODE = wholemodule;
				VALIDATE_PRODUCT = YES;
			};
			name = Release;
		};
		57D995AB3068C29300CC7C16 /* Debug */ = {
			isa = XCBuildConfiguration;
			buildSettings = {
				ASSETCATALOG_COMPILER_APPICON_NAME = AppIcon;
				ASSETCATALOG_COMPILER_GLOBAL_ACCENT_COLOR_NAME = AccentColor;
				CODE_SIGN_ENTITLEMENTS = ClubPlay/ClubPlay.entitlements;
				CODE_SIGN_STYLE = Automatic;
				CURRENT_PROJECT_VERSION = 1;
				DEVELOPMENT_TEAM = D47S596NBF;
				ENABLE_PREVIEWS = YES;
				GENERATE_INFOPLIST_FILE = YES;
				INFOPLIST_KEY_UIApplicationSceneManifest_Generation = YES;
				INFOPLIST_KEY_UIApplicationSupportsIndirectInputEvents = YES;
				INFOPLIST_KEY_UILaunchScreen_Generation = YES;
				INFOPLIST_KEY_UISupportedInterfaceOrientations_iPad = "UIInterfaceOrientationPortrait UIInterfaceOrientationPortraitUpsideDown UIInterfaceOrientationLandscapeLeft UIInterfaceOrientationLandscapeRight";
				INFOPLIST_KEY_UISupportedInterfaceOrientations_iPhone = "UIInterfaceOrientationPortrait UIInterfaceOrientationLandscapeLeft UIInterfaceOrientationLandscapeRight";
				IPHONEOS_DEPLOYMENT_TARGET = 18.6;
				LD_RUNPATH_SEARCH_PATHS = (
					"$(inherited)",
					"@executable_path/Frameworks",
				);
				MARKETING_VERSION = 1.0;
				PRODUCT_BUNDLE_IDENTIFIER = com.personal.ducanhninh.ClubPlay;
				PRODUCT_NAME = "$(TARGET_NAME)";
				STRING_CATALOG_GENERATE_SYMBOLS = YES;
				SWIFT_APPROACHABLE_CONCURRENCY = YES;
				SWIFT_DEFAULT_ACTOR_ISOLATION = MainActor;
				SWIFT_EMIT_LOC_STRINGS = YES;
				SWIFT_UPCOMING_FEATURE_MEMBER_IMPORT_VISIBILITY = YES;
				SWIFT_VERSION = 5.0;
				TARGETED_DEVICE_FAMILY = "1,2";
			};
			name = Debug;
		};
		57D995AC3068C29300CC7C16 /* Release */ = {
			isa = XCBuildConfiguration;
			buildSettings = {
				ASSETCATALOG_COMPILER_APPICON_NAME = AppIcon;
				ASSETCATALOG_COMPILER_GLOBAL_ACCENT_COLOR_NAME = AccentColor;
				CODE_SIGN_ENTITLEMENTS = ClubPlay/ClubPlay.entitlements;
				CODE_SIGN_STYLE = Automatic;
				CURRENT_PROJECT_VERSION = 1;
				DEVELOPMENT_TEAM = D47S596NBF;
				ENABLE_PREVIEWS = YES;
				GENERATE_INFOPLIST_FILE = YES;
				INFOPLIST_KEY_UIApplicationSceneManifest_Generation = YES;
				INFOPLIST_KEY_UIApplicationSupportsIndirectInputEvents = YES;
				INFOPLIST_KEY_UILaunchScreen_Generation = YES;
				INFOPLIST_KEY_UISupportedInterfaceOrientations_iPad = "UIInterfaceOrientationPortrait UIInterfaceOrientationPortraitUpsideDown UIInterfaceOrientationLandscapeLeft UIInterfaceOrientationLandscapeRight";
				INFOPLIST_KEY_UISupportedInterfaceOrientations_iPhone = "UIInterfaceOrientationPortrait UIInterfaceOrientationLandscapeLeft UIInterfaceOrientationLandscapeRight";
				IPHONEOS_DEPLOYMENT_TARGET = 18.6;
				LD_RUNPATH_SEARCH_PATHS = (
					"$(inherited)",
					"@executable_path/Frameworks",
				);
				MARKETING_VERSION = 1.0;
				PRODUCT_BUNDLE_IDENTIFIER = com.personal.ducanhninh.ClubPlay;
				PRODUCT_NAME = "$(TARGET_NAME)";
				STRING_CATALOG_GENERATE_SYMBOLS = YES;
				SWIFT_APPROACHABLE_CONCURRENCY = YES;
				SWIFT_DEFAULT_ACTOR_ISOLATION = MainActor;
				SWIFT_EMIT_LOC_STRINGS = YES;
				SWIFT_UPCOMING_FEATURE_MEMBER_IMPORT_VISIBILITY = YES;
				SWIFT_VERSION = 5.0;
				TARGETED_DEVICE_FAMILY = "1,2";
			};
			name = Release;
		};
		57D995AE3068C29300CC7C16 /* Debug */ = {
			isa = XCBuildConfiguration;
			buildSettings = {
				BUNDLE_LOADER = "$(TEST_HOST)";
				CODE_SIGN_STYLE = Automatic;
				CURRENT_PROJECT_VERSION = 1;
				DEVELOPMENT_TEAM = D47S596NBF;
				GENERATE_INFOPLIST_FILE = YES;
				IPHONEOS_DEPLOYMENT_TARGET = 18.6;
				MARKETING_VERSION = 1.0;
				PRODUCT_BUNDLE_IDENTIFIER = com.personal.ducanhninh.ClubPlayTests;
				PRODUCT_NAME = "$(TARGET_NAME)";
				STRING_CATALOG_GENERATE_SYMBOLS = NO;
				SWIFT_APPROACHABLE_CONCURRENCY = YES;
				SWIFT_EMIT_LOC_STRINGS = NO;
				SWIFT_UPCOMING_FEATURE_MEMBER_IMPORT_VISIBILITY = YES;
				SWIFT_VERSION = 5.0;
				TARGETED_DEVICE_FAMILY = "1,2";
				TEST_HOST = "$(BUILT_PRODUCTS_DIR)/ClubPlay.app/$(BUNDLE_EXECUTABLE_FOLDER_PATH)/ClubPlay";
			};
			name = Debug;
		};
		57D995AF3068C29300CC7C16 /* Release */ = {
			isa = XCBuildConfiguration;
			buildSettings = {
				BUNDLE_LOADER = "$(TEST_HOST)";
				CODE_SIGN_STYLE = Automatic;
				CURRENT_PROJECT_VERSION = 1;
				DEVELOPMENT_TEAM = D47S596NBF;
				GENERATE_INFOPLIST_FILE = YES;
				IPHONEOS_DEPLOYMENT_TARGET = 18.6;
				MARKETING_VERSION = 1.0;
				PRODUCT_BUNDLE_IDENTIFIER = com.personal.ducanhninh.ClubPlayTests;
				PRODUCT_NAME = "$(TARGET_NAME)";
				STRING_CATALOG_GENERATE_SYMBOLS = NO;
				SWIFT_APPROACHABLE_CONCURRENCY = YES;
				SWIFT_EMIT_LOC_STRINGS = NO;
				SWIFT_UPCOMING_FEATURE_MEMBER_IMPORT_VISIBILITY = YES;
				SWIFT_VERSION = 5.0;
				TARGETED_DEVICE_FAMILY = "1,2";
				TEST_HOST = "$(BUILT_PRODUCTS_DIR)/ClubPlay.app/$(BUNDLE_EXECUTABLE_FOLDER_PATH)/ClubPlay";
			};
			name = Release;
		};
		57D995B13068C29300CC7C16 /* Debug */ = {
			isa = XCBuildConfiguration;
			buildSettings = {
				CODE_SIGN_STYLE = Automatic;
				CURRENT_PROJECT_VERSION = 1;
				DEVELOPMENT_TEAM = D47S596NBF;
				GENERATE_INFOPLIST_FILE = YES;
				IPHONEOS_DEPLOYMENT_TARGET = 18.6;
				MARKETING_VERSION = 1.0;
				PRODUCT_BUNDLE_IDENTIFIER = com.personal.ducanhninh.ClubPlayUITests;
				PRODUCT_NAME = "$(TARGET_NAME)";
				STRING_CATALOG_GENERATE_SYMBOLS = NO;
				SWIFT_APPROACHABLE_CONCURRENCY = YES;
				SWIFT_EMIT_LOC_STRINGS = NO;
				SWIFT_UPCOMING_FEATURE_MEMBER_IMPORT_VISIBILITY = YES;
				SWIFT_VERSION = 5.0;
				TARGETED_DEVICE_FAMILY = "1,2";
				TEST_TARGET_NAME = ClubPlay;
			};
			name = Debug;
		};
		57D995B23068C29300CC7C16 /* Release */ = {
			isa = XCBuildConfiguration;
			buildSettings = {
				CODE_SIGN_STYLE = Automatic;
				CURRENT_PROJECT_VERSION = 1;
				DEVELOPMENT_TEAM = D47S596NBF;
				GENERATE_INFOPLIST_FILE = YES;
				IPHONEOS_DEPLOYMENT_TARGET = 18.6;
				MARKETING_VERSION = 1.0;
				PRODUCT_BUNDLE_IDENTIFIER = com.personal.ducanhninh.ClubPlayUITests;
				PRODUCT_NAME = "$(TARGET_NAME)";
				STRING_CATALOG_GENERATE_SYMBOLS = NO;
				SWIFT_APPROACHABLE_CONCURRENCY = YES;
				SWIFT_EMIT_LOC_STRINGS = NO;
				SWIFT_UPCOMING_FEATURE_MEMBER_IMPORT_VISIBILITY = YES;
				SWIFT_VERSION = 5.0;
				TARGETED_DEVICE_FAMILY = "1,2";
				TEST_TARGET_NAME = ClubPlay;
			};
			name = Release;
		};
/* End XCBuildConfiguration section */

/* Begin XCConfigurationList section */
		57515D71307528C100DDDE63 /* Build configuration list for PBXNativeTarget "ClubPlayWidgetExtension" */ = {
			isa = XCConfigurationList;
			buildConfigurations = (
				57515D72307528C100DDDE63 /* Debug */,
				57515D73307528C100DDDE63 /* Release */,
			);
			defaultConfigurationIsVisible = 0;
			defaultConfigurationName = Release;
		};
		57515FB530754ACE00DDDE63 /* Build configuration list for PBXNativeTarget "ClubPlayNotificationContent" */ = {
			isa = XCConfigurationList;
			buildConfigurations = (
				57515FB630754ACE00DDDE63 /* Debug */,
				57515FB730754ACE00DDDE63 /* Release */,
			);
			defaultConfigurationIsVisible = 0;
			defaultConfigurationName = Release;
		};
		57D995843068C29100CC7C16 /* Build configuration list for PBXProject "ClubPlay" */ = {
			isa = XCConfigurationList;
			buildConfigurations = (
				57D995A83068C29300CC7C16 /* Debug */,
				57D995A93068C29300CC7C16 /* Release */,
			);
			defaultConfigurationIsVisible = 0;
			defaultConfigurationName = Release;
		};
		57D995AA3068C29300CC7C16 /* Build configuration list for PBXNativeTarget "ClubPlay" */ = {
			isa = XCConfigurationList;
			buildConfigurations = (
				57D995AB3068C29300CC7C16 /* Debug */,
				57D995AC3068C29300CC7C16 /* Release */,
			);
			defaultConfigurationIsVisible = 0;
			defaultConfigurationName = Release;
		};
		57D995AD3068C29300CC7C16 /* Build configuration list for PBXNativeTarget "ClubPlayTests" */ = {
			isa = XCConfigurationList;
			buildConfigurations = (
				57D995AE3068C29300CC7C16 /* Debug */,
				57D995AF3068C29300CC7C16 /* Release */,
			);
			defaultConfigurationIsVisible = 0;
			defaultConfigurationName = Release;
		};
		57D995B03068C29300CC7C16 /* Build configuration list for PBXNativeTarget "ClubPlayUITests" */ = {
			isa = XCConfigurationList;
			buildConfigurations = (
				57D995B13068C29300CC7C16 /* Debug */,
				57D995B23068C29300CC7C16 /* Release */,
			);
			defaultConfigurationIsVisible = 0;
			defaultConfigurationName = Release;
		};
/* End XCConfigurationList section */

/* Begin XCRemoteSwiftPackageReference section */
		5794D7AE3073880B00C3705E /* XCRemoteSwiftPackageReference "supabase-swift" */ = {
			isa = XCRemoteSwiftPackageReference;
			repositoryURL = "https://github.com/supabase/supabase-swift";
			requirement = {
				kind = upToNextMajorVersion;
				minimumVersion = 2.5.1;
			};
		};
/* End XCRemoteSwiftPackageReference section */

/* Begin XCSwiftPackageProductDependency section */
		5794D7AF3073880B00C3705E /* Auth */ = {
			isa = XCSwiftPackageProductDependency;
			package = 5794D7AE3073880B00C3705E /* XCRemoteSwiftPackageReference "supabase-swift" */;
			productName = Auth;
		};
		5794D7B13073880B00C3705E /* PostgREST */ = {
			isa = XCSwiftPackageProductDependency;
			package = 5794D7AE3073880B00C3705E /* XCRemoteSwiftPackageReference "supabase-swift" */;
			productName = PostgREST;
		};
		5794D7B33073880B00C3705E /* Realtime */ = {
			isa = XCSwiftPackageProductDependency;
			package = 5794D7AE3073880B00C3705E /* XCRemoteSwiftPackageReference "supabase-swift" */;
			productName = Realtime;
		};
		5794D7B93073893700C3705E /* Supabase */ = {
			isa = XCSwiftPackageProductDependency;
			package = 5794D7AE3073880B00C3705E /* XCRemoteSwiftPackageReference "supabase-swift" */;
			productName = Supabase;
		};
/* End XCSwiftPackageProductDependency section */
	};
	rootObject = 57D995813068C29100CC7C16 /* Project object */;
}
